
Microsoft Visual Studio Solution File, Format Version 12.00
# Visual Studio Version 17
VisualStudioVersion = 17.11.35312.102
MinimumVisualStudioVersion = 10.0.40219.1
Project("{FAE04EC0-301F-11D3-BF4B-00C04F79EFBC}") = "TipApp", "Tip\TipApp.csproj", "{730079BE-088C-4A93-8C4A-75EE804F8342}"
EndProject
Project("{FAE04EC0-301F-11D3-BF4B-00C04F79EFBC}") = "MagicNumbers", "MagicNumbers\MagicNumbers.csproj", "{37EAC3EC-C316-4347-ACFD-81C8C525DCB4}"
EndProject
Global
	GlobalSection(SolutionConfigurationPlatforms) = preSolution
		Debug|Any CPU = Debug|Any CPU
		Release|Any CPU = Release|Any CPU
	EndGlobalSection
	GlobalSection(ProjectConfigurationPlatforms) = postSolution
		{730079BE-088C-4A93-8C4A-75EE804F8342}.Debug|Any CPU.ActiveCfg = Debug|Any CPU
		{730079BE-088C-4A93-8C4A-75EE804F8342}.Debug|Any CPU.Build.0 = Debug|Any CPU
		{730079BE-088C-4A93-8C4A-75EE804F8342}.Release|Any CPU.ActiveCfg = Release|Any CPU
		{730079BE-088C-4A93-8C4A-75EE804F8342}.Release|Any CPU.Build.0 = Release|Any CPU
		{37EAC3EC-C316-4347-ACFD-81C8C525DCB4}.Debug|Any CPU.ActiveCfg = Debug|Any CPU
		{37EAC3EC-C316-4347-ACFD-81C8C525DCB4}.Debug|Any CPU.Build.0 = Debug|Any CPU
		{37EAC3EC-C316-4347-ACFD-81C8C525DCB4}.Release|Any CPU.ActiveCfg = Release|Any CPU
		{37EAC3EC-C316-4347-ACFD-81C8C525DCB4}.Release|Any CPU.Build.0 = Release|Any CPU
	EndGlobalSection
	GlobalSection(SolutionProperties) = preSolution
		HideSolutionNode = FALSE
	EndGlobalSection
	GlobalSection(ExtensibilityGlobals) = postSolution
		SolutionGuid = {673393C7-0B19-4E95-A84F-88470F932F5B}
	EndGlobalSection
EndGlobal
